
Microsoft Visual Studio Solution File, Format Version 11.00
# Visual Studio 2010
Project("{FAE04EC0-301F-11D3-BF4B-00C04F79EFBC}") = "icm.Service", "icm.Service\icm.Service.csproj", "{8B5B283B-2B44-475F-B576-95673210E9AF}"
EndProject
Project("{FAE04EC0-301F-11D3-BF4B-00C04F79EFBC}") = "icm.Data", "icm.Data\icm.Data.csproj", "{92EE2C23-79BF-4A71-9155-FC9BC7F93739}"
EndProject
Project("{FAE04EC0-301F-11D3-BF4B-00C04F79EFBC}") = "icm.Front", "icm.Front\icm.Front.csproj", "{B3924ED5-FC9A-4B1D-90B0-FFAC6AB28804}"
EndProject
Global
	GlobalSection(SolutionConfigurationPlatforms) = preSolution
		Debug|Any CPU = Debug|Any CPU
		Debug|Mixed Platforms = Debug|Mixed Platforms
		Debug|x86 = Debug|x86
		Release|Any CPU = Release|Any CPU
		Release|Mixed Platforms = Release|Mixed Platforms
		Release|x86 = Release|x86
	EndGlobalSection
	GlobalSection(ProjectConfigurationPlatforms) = postSolution
		{8B5B283B-2B44-475F-B576-95673210E9AF}.Debug|Any CPU.ActiveCfg = Debug|x86
		{8B5B283B-2B44-475F-B576-95673210E9AF}.Debug|Mixed Platforms.ActiveCfg = Debug|x86
		{8B5B283B-2B44-475F-B576-95673210E9AF}.Debug|Mixed Platforms.Build.0 = Debug|x86
		{8B5B283B-2B44-475F-B576-95673210E9AF}.Debug|x86.ActiveCfg = Debug|x86
		{8B5B283B-2B44-475F-B576-95673210E9AF}.Debug|x86.Build.0 = Debug|x86
		{8B5B283B-2B44-475F-B576-95673210E9AF}.Release|Any CPU.ActiveCfg = Release|x86
		{8B5B283B-2B44-475F-B576-95673210E9AF}.Release|Mixed Platforms.ActiveCfg = Release|x86
		{8B5B283B-2B44-475F-B576-95673210E9AF}.Release|Mixed Platforms.Build.0 = Release|x86
		{8B5B283B-2B44-475F-B576-95673210E9AF}.Release|x86.ActiveCfg = Release|x86
		{8B5B283B-2B44-475F-B576-95673210E9AF}.Release|x86.Build.0 = Release|x86
		{92EE2C23-79BF-4A71-9155-FC9BC7F93739}.Debug|Any CPU.ActiveCfg = Debug|Any CPU
		{92EE2C23-79BF-4A71-9155-FC9BC7F93739}.Debug|Any CPU.Build.0 = Debug|Any CPU
		{92EE2C23-79BF-4A71-9155-FC9BC7F93739}.Debug|Mixed Platforms.ActiveCfg = Debug|Any CPU
		{92EE2C23-79BF-4A71-9155-FC9BC7F93739}.Debug|Mixed Platforms.Build.0 = Debug|Any CPU
		{92EE2C23-79BF-4A71-9155-FC9BC7F93739}.Debug|x86.ActiveCfg = Debug|Any CPU
		{92EE2C23-79BF-4A71-9155-FC9BC7F93739}.Release|Any CPU.ActiveCfg = Release|Any CPU
		{92EE2C23-79BF-4A71-9155-FC9BC7F93739}.Release|Any CPU.Build.0 = Release|Any CPU
		{92EE2C23-79BF-4A71-9155-FC9BC7F93739}.Release|Mixed Platforms.ActiveCfg = Release|Any CPU
		{92EE2C23-79BF-4A71-9155-FC9BC7F93739}.Release|Mixed Platforms.Build.0 = Release|Any CPU
		{92EE2C23-79BF-4A71-9155-FC9BC7F93739}.Release|x86.ActiveCfg = Release|Any CPU
		{B3924ED5-FC9A-4B1D-90B0-FFAC6AB28804}.Debug|Any CPU.ActiveCfg = Debug|Any CPU
		{B3924ED5-FC9A-4B1D-90B0-FFAC6AB28804}.Debug|Any CPU.Build.0 = Debug|Any CPU
		{B3924ED5-FC9A-4B1D-90B0-FFAC6AB28804}.Debug|Mixed Platforms.ActiveCfg = Debug|Any CPU
		{B3924ED5-FC9A-4B1D-90B0-FFAC6AB28804}.Debug|Mixed Platforms.Build.0 = Debug|Any CPU
		{B3924ED5-FC9A-4B1D-90B0-FFAC6AB28804}.Debug|x86.ActiveCfg = Debug|Any CPU
		{B3924ED5-FC9A-4B1D-90B0-FFAC6AB28804}.Release|Any CPU.ActiveCfg = Release|Any CPU
		{B3924ED5-FC9A-4B1D-90B0-FFAC6AB28804}.Release|Any CPU.Build.0 = Release|Any CPU
		{B3924ED5-FC9A-4B1D-90B0-FFAC6AB28804}.Release|Mixed Platforms.ActiveCfg = Release|Any CPU
		{B3924ED5-FC9A-4B1D-90B0-FFAC6AB28804}.Release|Mixed Platforms.Build.0 = Release|Any CPU
		{B3924ED5-FC9A-4B1D-90B0-FFAC6AB28804}.Release|x86.ActiveCfg = Release|Any CPU
	EndGlobalSection
	GlobalSection(SolutionProperties) = preSolution
		HideSolutionNode = FALSE
	EndGlobalSection
EndGlobal
